
Microsoft Visual Studio Solution File, Format Version 12.00
# Visual Studio Version 16
VisualStudioVersion = 16.0.30309.148
MinimumVisualStudioVersion = 10.0.40219.1
Project("{FAE04EC0-301F-11D3-BF4B-00C04F79EFBC}") = "001_MyFirstWebAPI", "001_MyFirstWebAPI\001_MyFirstWebAPI.csproj", "{F5074984-9F7D-4B32-A485-F06313260D93}"
EndProject
Project("{2150E333-8FDC-42A3-9474-1A3956D46DE8}") = "Solution Items", "Solution Items", "{01AB478E-D3CF-47C5-BFF8-414AAD0D56C9}"
	ProjectSection(SolutionItems) = preProject
		Agenda.txt = Agenda.txt
		LinkCollection.txt = LinkCollection.txt
	EndProjectSection
EndProject
Project("{FAE04EC0-301F-11D3-BF4B-00C04F79EFBC}") = "001_MyFirstWebAPI_Client", "001_MyFirstWebAPI_Client\001_MyFirstWebAPI_Client.csproj", "{03AB2975-3A52-47D6-BCE0-3A6A98F52E9A}"
EndProject
Project("{FAE04EC0-301F-11D3-BF4B-00C04F79EFBC}") = "002_Formating", "002_Formating\002_Formating.csproj", "{F51647F0-5329-441D-8CE0-4ED337BD20F7}"
EndProject
Project("{FAE04EC0-301F-11D3-BF4B-00C04F79EFBC}") = "002_Formating_Client", "002_Formating_Client\002_Formating_Client.csproj", "{B150B80C-6B01-40FE-B448-C83E97490191}"
EndProject
Project("{FAE04EC0-301F-11D3-BF4B-00C04F79EFBC}") = "002_Formating_Shared", "002_Formating_Shared\002_Formating_Shared.csproj", "{A4C53CAE-4178-44CD-9BB6-0499DCA476E1}"
EndProject
Project("{FAE04EC0-301F-11D3-BF4B-00C04F79EFBC}") = "003_AsyncAwait", "003_AsyncAwait\003_AsyncAwait.csproj", "{C0496110-5BC5-4FC0-A5B1-9BA60F4E7103}"
EndProject
Project("{FAE04EC0-301F-11D3-BF4B-00C04F79EFBC}") = "004_ParameterBinding", "004_ParameterBinding\004_ParameterBinding.csproj", "{48CA52D9-741D-44EC-96BE-B32F11C9D1DB}"
EndProject
Project("{FAE04EC0-301F-11D3-BF4B-00C04F79EFBC}") = "005_WiederholungFormatting", "005_WiederholungFormatting\005_WiederholungFormatting.csproj", "{31358AE7-7A56-4925-85A2-071D73E46BBD}"
EndProject
Project("{FAE04EC0-301F-11D3-BF4B-00C04F79EFBC}") = "005_WiederholungFormatting_Client", "005_WiederholungFormatting_Client\005_WiederholungFormatting_Client.csproj", "{0FB30ACF-EBAD-4AFD-8FAD-8AC49BB44F9E}"
EndProject
Project("{FAE04EC0-301F-11D3-BF4B-00C04F79EFBC}") = "006_WebAPIAuthentification", "006_WebAPIAuthentification\006_WebAPIAuthentification.csproj", "{28742164-E569-4232-A86A-CB4D224A2D64}"
EndProject
Project("{FAE04EC0-301F-11D3-BF4B-00C04F79EFBC}") = "007_WebAPIRouting", "007_WebAPIRouting\007_WebAPIRouting.csproj", "{704BB05D-24BB-4574-A564-8D371E7670EF}"
EndProject
Project("{FAE04EC0-301F-11D3-BF4B-00C04F79EFBC}") = "008WebAPIFilters", "008WebAPIFilters\008WebAPIFilters.csproj", "{20E6902C-D242-44F2-AB1F-1CF6F60C0B94}"
EndProject
Project("{FAE04EC0-301F-11D3-BF4B-00C04F79EFBC}") = "009_HandleExceptionWithFilters", "009_HandleExceptionWithFilters\009_HandleExceptionWithFilters.csproj", "{25A8DFD0-720C-4A3C-AE8A-7F83C28D239C}"
EndProject
Project("{FAE04EC0-301F-11D3-BF4B-00C04F79EFBC}") = "009_HandleExceptionWithFilters_Client", "009_HandleExceptionWithFilters_Client\009_HandleExceptionWithFilters_Client.csproj", "{E0EACC74-12E7-4330-9BEB-4B985A56A674}"
EndProject
Project("{FAE04EC0-301F-11D3-BF4B-00C04F79EFBC}") = "010_HandleExceptionsGlobally", "010_HandleExceptionsGlobally\010_HandleExceptionsGlobally.csproj", "{BC82244A-8FEA-443E-9E0E-4DEEB1EDF757}"
EndProject
Project("{FAE04EC0-301F-11D3-BF4B-00C04F79EFBC}") = "DependencyInjectionSample", "DependencyInjectionSample\DependencyInjectionSample.csproj", "{34AC1A78-F8B6-48C9-B44E-CD607F933D41}"
EndProject
Project("{FAE04EC0-301F-11D3-BF4B-00C04F79EFBC}") = "011_TodoItemCrudWithScaffolding", "011_TodoItemCrudWithScaffolding\011_TodoItemCrudWithScaffolding.csproj", "{9067C609-C611-4EC3-8B85-B8E6C5D42A56}"
EndProject
Project("{FAE04EC0-301F-11D3-BF4B-00C04F79EFBC}") = "011_TodoItemCrudWithScaffolding_Client", "011_TodoItemCrudWithScaffolding_Client\011_TodoItemCrudWithScaffolding_Client.csproj", "{2BAC01BA-37EB-4557-AC9A-DF5AB5C4BAD9}"
EndProject
Project("{FAE04EC0-301F-11D3-BF4B-00C04F79EFBC}") = "011_TodoItemCrudWithScaffolding_Shared", "011_TodoItemCrudWithScaffolding_Shared\011_TodoItemCrudWithScaffolding_Shared.csproj", "{08B2B663-EA41-4E06-8E6E-A98D9C506442}"
EndProject
Global
	GlobalSection(SolutionConfigurationPlatforms) = preSolution
		Debug|Any CPU = Debug|Any CPU
		Release|Any CPU = Release|Any CPU
	EndGlobalSection
	GlobalSection(ProjectConfigurationPlatforms) = postSolution
		{F5074984-9F7D-4B32-A485-F06313260D93}.Debug|Any CPU.ActiveCfg = Debug|Any CPU
		{F5074984-9F7D-4B32-A485-F06313260D93}.Debug|Any CPU.Build.0 = Debug|Any CPU
		{F5074984-9F7D-4B32-A485-F06313260D93}.Release|Any CPU.ActiveCfg = Release|Any CPU
		{F5074984-9F7D-4B32-A485-F06313260D93}.Release|Any CPU.Build.0 = Release|Any CPU
		{03AB2975-3A52-47D6-BCE0-3A6A98F52E9A}.Debug|Any CPU.ActiveCfg = Debug|Any CPU
		{03AB2975-3A52-47D6-BCE0-3A6A98F52E9A}.Debug|Any CPU.Build.0 = Debug|Any CPU
		{03AB2975-3A52-47D6-BCE0-3A6A98F52E9A}.Release|Any CPU.ActiveCfg = Release|Any CPU
		{03AB2975-3A52-47D6-BCE0-3A6A98F52E9A}.Release|Any CPU.Build.0 = Release|Any CPU
		{F51647F0-5329-441D-8CE0-4ED337BD20F7}.Debug|Any CPU.ActiveCfg = Debug|Any CPU
		{F51647F0-5329-441D-8CE0-4ED337BD20F7}.Debug|Any CPU.Build.0 = Debug|Any CPU
		{F51647F0-5329-441D-8CE0-4ED337BD20F7}.Release|Any CPU.ActiveCfg = Release|Any CPU
		{F51647F0-5329-441D-8CE0-4ED337BD20F7}.Release|Any CPU.Build.0 = Release|Any CPU
		{B150B80C-6B01-40FE-B448-C83E97490191}.Debug|Any CPU.ActiveCfg = Debug|Any CPU
		{B150B80C-6B01-40FE-B448-C83E97490191}.Debug|Any CPU.Build.0 = Debug|Any CPU
		{B150B80C-6B01-40FE-B448-C83E97490191}.Release|Any CPU.ActiveCfg = Release|Any CPU
		{B150B80C-6B01-40FE-B448-C83E97490191}.Release|Any CPU.Build.0 = Release|Any CPU
		{A4C53CAE-4178-44CD-9BB6-0499DCA476E1}.Debug|Any CPU.ActiveCfg = Debug|Any CPU
		{A4C53CAE-4178-44CD-9BB6-0499DCA476E1}.Debug|Any CPU.Build.0 = Debug|Any CPU
		{A4C53CAE-4178-44CD-9BB6-0499DCA476E1}.Release|Any CPU.ActiveCfg = Release|Any CPU
		{A4C53CAE-4178-44CD-9BB6-0499DCA476E1}.Release|Any CPU.Build.0 = Release|Any CPU
		{C0496110-5BC5-4FC0-A5B1-9BA60F4E7103}.Debug|Any CPU.ActiveCfg = Debug|Any CPU
		{C0496110-5BC5-4FC0-A5B1-9BA60F4E7103}.Debug|Any CPU.Build.0 = Debug|Any CPU
		{C0496110-5BC5-4FC0-A5B1-9BA60F4E7103}.Release|Any CPU.ActiveCfg = Release|Any CPU
		{C0496110-5BC5-4FC0-A5B1-9BA60F4E7103}.Release|Any CPU.Build.0 = Release|Any CPU
		{48CA52D9-741D-44EC-96BE-B32F11C9D1DB}.Debug|Any CPU.ActiveCfg = Debug|Any CPU
		{48CA52D9-741D-44EC-96BE-B32F11C9D1DB}.Debug|Any CPU.Build.0 = Debug|Any CPU
		{48CA52D9-741D-44EC-96BE-B32F11C9D1DB}.Release|Any CPU.ActiveCfg = Release|Any CPU
		{48CA52D9-741D-44EC-96BE-B32F11C9D1DB}.Release|Any CPU.Build.0 = Release|Any CPU
		{31358AE7-7A56-4925-85A2-071D73E46BBD}.Debug|Any CPU.ActiveCfg = Debug|Any CPU
		{31358AE7-7A56-4925-85A2-071D73E46BBD}.Debug|Any CPU.Build.0 = Debug|Any CPU
		{31358AE7-7A56-4925-85A2-071D73E46BBD}.Release|Any CPU.ActiveCfg = Release|Any CPU
		{31358AE7-7A56-4925-85A2-071D73E46BBD}.Release|Any CPU.Build.0 = Release|Any CPU
		{0FB30ACF-EBAD-4AFD-8FAD-8AC49BB44F9E}.Debug|Any CPU.ActiveCfg = Debug|Any CPU
		{0FB30ACF-EBAD-4AFD-8FAD-8AC49BB44F9E}.Debug|Any CPU.Build.0 = Debug|Any CPU
		{0FB30ACF-EBAD-4AFD-8FAD-8AC49BB44F9E}.Release|Any CPU.ActiveCfg = Release|Any CPU
		{0FB30ACF-EBAD-4AFD-8FAD-8AC49BB44F9E}.Release|Any CPU.Build.0 = Release|Any CPU
		{28742164-E569-4232-A86A-CB4D224A2D64}.Debug|Any CPU.ActiveCfg = Debug|Any CPU
		{28742164-E569-4232-A86A-CB4D224A2D64}.Debug|Any CPU.Build.0 = Debug|Any CPU
		{28742164-E569-4232-A86A-CB4D224A2D64}.Release|Any CPU.ActiveCfg = Release|Any CPU
		{28742164-E569-4232-A86A-CB4D224A2D64}.Release|Any CPU.Build.0 = Release|Any CPU
		{704BB05D-24BB-4574-A564-8D371E7670EF}.Debug|Any CPU.ActiveCfg = Debug|Any CPU
		{704BB05D-24BB-4574-A564-8D371E7670EF}.Debug|Any CPU.Build.0 = Debug|Any CPU
		{704BB05D-24BB-4574-A564-8D371E7670EF}.Release|Any CPU.ActiveCfg = Release|Any CPU
		{704BB05D-24BB-4574-A564-8D371E7670EF}.Release|Any CPU.Build.0 = Release|Any CPU
		{20E6902C-D242-44F2-AB1F-1CF6F60C0B94}.Debug|Any CPU.ActiveCfg = Debug|Any CPU
		{20E6902C-D242-44F2-AB1F-1CF6F60C0B94}.Debug|Any CPU.Build.0 = Debug|Any CPU
		{20E6902C-D242-44F2-AB1F-1CF6F60C0B94}.Release|Any CPU.ActiveCfg = Release|Any CPU
		{20E6902C-D242-44F2-AB1F-1CF6F60C0B94}.Release|Any CPU.Build.0 = Release|Any CPU
		{25A8DFD0-720C-4A3C-AE8A-7F83C28D239C}.Debug|Any CPU.ActiveCfg = Debug|Any CPU
		{25A8DFD0-720C-4A3C-AE8A-7F83C28D239C}.Debug|Any CPU.Build.0 = Debug|Any CPU
		{25A8DFD0-720C-4A3C-AE8A-7F83C28D239C}.Release|Any CPU.ActiveCfg = Release|Any CPU
		{25A8DFD0-720C-4A3C-AE8A-7F83C28D239C}.Release|Any CPU.Build.0 = Release|Any CPU
		{E0EACC74-12E7-4330-9BEB-4B985A56A674}.Debug|Any CPU.ActiveCfg = Debug|Any CPU
		{E0EACC74-12E7-4330-9BEB-4B985A56A674}.Debug|Any CPU.Build.0 = Debug|Any CPU
		{E0EACC74-12E7-4330-9BEB-4B985A56A674}.Release|Any CPU.ActiveCfg = Release|Any CPU
		{E0EACC74-12E7-4330-9BEB-4B985A56A674}.Release|Any CPU.Build.0 = Release|Any CPU
		{BC82244A-8FEA-443E-9E0E-4DEEB1EDF757}.Debug|Any CPU.ActiveCfg = Debug|Any CPU
		{BC82244A-8FEA-443E-9E0E-4DEEB1EDF757}.Debug|Any CPU.Build.0 = Debug|Any CPU
		{BC82244A-8FEA-443E-9E0E-4DEEB1EDF757}.Release|Any CPU.ActiveCfg = Release|Any CPU
		{BC82244A-8FEA-443E-9E0E-4DEEB1EDF757}.Release|Any CPU.Build.0 = Release|Any CPU
		{34AC1A78-F8B6-48C9-B44E-CD607F933D41}.Debug|Any CPU.ActiveCfg = Debug|Any CPU
		{34AC1A78-F8B6-48C9-B44E-CD607F933D41}.Debug|Any CPU.Build.0 = Debug|Any CPU
		{34AC1A78-F8B6-48C9-B44E-CD607F933D41}.Release|Any CPU.ActiveCfg = Release|Any CPU
		{34AC1A78-F8B6-48C9-B44E-CD607F933D41}.Release|Any CPU.Build.0 = Release|Any CPU
		{9067C609-C611-4EC3-8B85-B8E6C5D42A56}.Debug|Any CPU.ActiveCfg = Debug|Any CPU
		{9067C609-C611-4EC3-8B85-B8E6C5D42A56}.Debug|Any CPU.Build.0 = Debug|Any CPU
		{9067C609-C611-4EC3-8B85-B8E6C5D42A56}.Release|Any CPU.ActiveCfg = Release|Any CPU
		{9067C609-C611-4EC3-8B85-B8E6C5D42A56}.Release|Any CPU.Build.0 = Release|Any CPU
		{2BAC01BA-37EB-4557-AC9A-DF5AB5C4BAD9}.Debug|Any CPU.ActiveCfg = Debug|Any CPU
		{2BAC01BA-37EB-4557-AC9A-DF5AB5C4BAD9}.Debug|Any CPU.Build.0 = Debug|Any CPU
		{2BAC01BA-37EB-4557-AC9A-DF5AB5C4BAD9}.Release|Any CPU.ActiveCfg = Release|Any CPU
		{2BAC01BA-37EB-4557-AC9A-DF5AB5C4BAD9}.Release|Any CPU.Build.0 = Release|Any CPU
		{08B2B663-EA41-4E06-8E6E-A98D9C506442}.Debug|Any CPU.ActiveCfg = Debug|Any CPU
		{08B2B663-EA41-4E06-8E6E-A98D9C506442}.Debug|Any CPU.Build.0 = Debug|Any CPU
		{08B2B663-EA41-4E06-8E6E-A98D9C506442}.Release|Any CPU.ActiveCfg = Release|Any CPU
		{08B2B663-EA41-4E06-8E6E-A98D9C506442}.Release|Any CPU.Build.0 = Release|Any CPU
	EndGlobalSection
	GlobalSection(SolutionProperties) = preSolution
		HideSolutionNode = FALSE
	EndGlobalSection
	GlobalSection(ExtensibilityGlobals) = postSolution
		SolutionGuid = {71142E1F-0CFE-47B2-82B0-8799DCB4E21E}
	EndGlobalSection
EndGlobal
